// !$*UTF8*$!
{
	archiveVersion = 1;
	classes = {
	};
	objectVersion = 50;
	objects = {

/* Begin PBXBuildFile section */
		79B0085E2121632C000D2F19 /* AppDelegate.swift in Sources */ = {isa = PBXBuildFile; fileRef = 79B0085D2121632C000D2F19 /* AppDelegate.swift */; };
		79B008602121632C000D2F19 /* ViewController.swift in Sources */ = {isa = PBXBuildFile; fileRef = 79B0085F2121632C000D2F19 /* ViewController.swift */; };
		79B008632121632C000D2F19 /* Main.storyboard in Resources */ = {isa = PBXBuildFile; fileRef = 79B008612121632C000D2F19 /* Main.storyboard */; };
		79B0086521216337000D2F19 /* Assets.xcassets in Resources */ = {isa = PBXBuildFile; fileRef = 79B0086421216337000D2F19 /* Assets.xcassets */; };
		79B0086821216337000D2F19 /* LaunchScreen.storyboard in Resources */ = {isa = PBXBuildFile; fileRef = 79B0086621216337000D2F19 /* LaunchScreen.storyboard */; };
		79B0087021216455000D2F19 /* GoogleService-Info.plist in Resources */ = {isa = PBXBuildFile; fileRef = 79B0086F21216455000D2F19 /* GoogleService-Info.plist */; };
		BFC11CC82B5088C90E72AD57 /* Pods_FCA.framework in Frameworks */ = {isa = PBXBuildFile; fileRef = 81906573B3282AF92136B9AE /* Pods_FCA.framework */; };
/* End PBXBuildFile section */

/* Begin PBXFileReference section */
		698C295CAA70E2798B38070D /* Pods-FCA.debug.xcconfig */ = {isa = PBXFileReference; includeInIndex = 1; lastKnownFileType = text.xcconfig; name = "Pods-FCA.debug.xcconfig"; path = "Pods/Target Support Files/Pods-FCA/Pods-FCA.debug.xcconfig"; sourceTree = "<group>"; };
		79B0085A2121632C000D2F19 /* FCA.app */ = {isa = PBXFileReference; explicitFileType = wrapper.application; includeInIndex = 0; path = FCA.app; sourceTree = BUILT_PRODUCTS_DIR; };
		79B0085D2121632C000D2F19 /* AppDelegate.swift */ = {isa = PBXFileReference; lastKnownFileType = sourcecode.swift; path = AppDelegate.swift; sourceTree = "<group>"; };
		79B0085F2121632C000D2F19 /* ViewController.swift */ = {isa = PBXFileReference; lastKnownFileType = sourcecode.swift; path = ViewController.swift; sourceTree = "<group>"; };
		79B008622121632C000D2F19 /* Base */ = {isa = PBXFileReference; lastKnownFileType = file.storyboard; name = Base; path = Base.lproj/Main.storyboard; sourceTree = "<group>"; };
		79B0086421216337000D2F19 /* Assets.xcassets */ = {isa = PBXFileReference; lastKnownFileType = folder.assetcatalog; path = Assets.xcassets; sourceTree = "<group>"; };
		79B0086721216337000D2F19 /* Base */ = {isa = PBXFileReference; lastKnownFileType = file.storyboard; name = Base; path = Base.lproj/LaunchScreen.storyboard; sourceTree = "<group>"; };
		79B0086921216337000D2F19 /* Info.plist */ = {isa = PBXFileReference; lastKnownFileType = text.plist.xml; path = Info.plist; sourceTree = "<group>"; };
		79B0086F21216455000D2F19 /* GoogleService-Info.plist */ = {isa = PBXFileReference; fileEncoding = 4; lastKnownFileType = text.plist.xml; path = "GoogleService-Info.plist"; sourceTree = "<group>"; };
		81906573B3282AF92136B9AE /* Pods_FCA.framework */ = {isa = PBXFileReference; explicitFileType = wrapper.framework; includeInIndex = 0; path = Pods_FCA.framework; sourceTree = BUILT_PRODUCTS_DIR; };
		DF808EA50FAD8335585AF906 /* Pods-FCA.release.xcconfig */ = {isa = PBXFileReference; includeInIndex = 1; lastKnownFileType = text.xcconfig; name = "Pods-FCA.release.xcconfig"; path = "Pods/Target Support Files/Pods-FCA/Pods-FCA.release.xcconfig"; sourceTree = "<group>"; };
/* End PBXFileReference section */

/* Begin PBXFrameworksBuildPhase section */
		79B008572121632C000D2F19 /* Frameworks */ = {
			isa = PBXFrameworksBuildPhase;
			buildActionMask = 2147483647;
			files = (
				BFC11CC82B5088C90E72AD57 /* Pods_FCA.framework in Frameworks */,
			);
			runOnlyForDeploymentPostprocessing = 0;
		};
/* End PBXFrameworksBuildPhase section */

/* Begin PBXGroup section */
		563E61AE89643CF14F4DA003 /* Pods */ = {
			isa = PBXGroup;
			children = (
				698C295CAA70E2798B38070D /* Pods-FCA.debug.xcconfig */,
				DF808EA50FAD8335585AF906 /* Pods-FCA.release.xcconfig */,
			);
			name = Pods;
			sourceTree = "<group>";
		};
		79B008512121632C000D2F19 = {
			isa = PBXGroup;
			children = (
				79B0085C2121632C000D2F19 /* FCA */,
				79B0085B2121632C000D2F19 /* Products */,
				563E61AE89643CF14F4DA003 /* Pods */,
				92E7EA02A40B4F611789CEAD /* Frameworks */,
			);
			sourceTree = "<group>";
		};
		79B0085B2121632C000D2F19 /* Products */ = {
			isa = PBXGroup;
			children = (
				79B0085A2121632C000D2F19 /* FCA.app */,
			);
			name = Products;
			sourceTree = "<group>";
		};
		79B0085C2121632C000D2F19 /* FCA */ = {
			isa = PBXGroup;
			children = (
				79B0086F21216455000D2F19 /* GoogleService-Info.plist */,
				79B0085D2121632C000D2F19 /* AppDelegate.swift */,
				79B0085F2121632C000D2F19 /* ViewController.swift */,
				79B008612121632C000D2F19 /* Main.storyboard */,
				79B0086421216337000D2F19 /* Assets.xcassets */,
				79B0086621216337000D2F19 /* LaunchScreen.storyboard */,
				79B0086921216337000D2F19 /* Info.plist */,
			);
			path = FCA;
			sourceTree = "<group>";
		};
		92E7EA02A40B4F611789CEAD /* Frameworks */ = {
			isa = PBXGroup;
			children = (
				81906573B3282AF92136B9AE /* Pods_FCA.framework */,
			);
			name = Frameworks;
			sourceTree = "<group>";
		};
/* End PBXGroup section */

/* Begin PBXNativeTarget section */
		79B008592121632C000D2F19 /* FCA */ = {
			isa = PBXNativeTarget;
			buildConfigurationList = 79B0086C21216337000D2F19 /* Build configuration list for PBXNativeTarget "FCA" */;
			buildPhases = (
				1A6DE57F9C453D7AC72CE909 /* [CP] Check Pods Manifest.lock */,
				79B008562121632C000D2F19 /* Sources */,
				79B008572121632C000D2F19 /* Frameworks */,
				79B008582121632C000D2F19 /* Resources */,
				34FEAC39802972F4F2DA6B8A /* [CP] Embed Pods Frameworks */,
			);
			buildRules = (
			);
			dependencies = (
			);
			name = FCA;
			productName = FCA;
			productReference = 79B0085A2121632C000D2F19 /* FCA.app */;
			productType = "com.apple.product-type.application";
		};
/* End PBXNativeTarget section */

/* Begin PBXProject section */
		79B008522121632C000D2F19 /* Project object */ = {
			isa = PBXProject;
			attributes = {
				LastSwiftUpdateCheck = 0940;
				LastUpgradeCheck = 0940;
				ORGANIZATIONNAME = "Lakshmi Narayanan N";
				TargetAttributes = {
					79B008592121632C000D2F19 = {
						CreatedOnToolsVersion = 9.4.1;
					};
				};
			};
			buildConfigurationList = 79B008552121632C000D2F19 /* Build configuration list for PBXProject "FCA" */;
			compatibilityVersion = "Xcode 9.3";
			developmentRegion = en;
			hasScannedForEncodings = 0;
			knownRegions = (
				en,
				Base,
			);
			mainGroup = 79B008512121632C000D2F19;
			productRefGroup = 79B0085B2121632C000D2F19 /* Products */;
			projectDirPath = "";
			projectRoot = "";
			targets = (
				79B008592121632C000D2F19 /* FCA */,
			);
		};
/* End PBXProject section */

/* Begin PBXResourcesBuildPhase section */
		79B008582121632C000D2F19 /* Resources */ = {
			isa = PBXResourcesBuildPhase;
			buildActionMask = 2147483647;
			files = (
				79B0086821216337000D2F19 /* LaunchScreen.storyboard in Resources */,
				79B0087021216455000D2F19 /* GoogleService-Info.plist in Resources */,
				79B0086521216337000D2F19 /* Assets.xcassets in Resources */,
				79B008632121632C000D2F19 /* Main.storyboard in Resources */,
			);
			runOnlyForDeploymentPostprocessing = 0;
		};
/* End PBXResourcesBuildPhase section */

/* Begin PBXShellScriptBuildPhase section */
		1A6DE57F9C453D7AC72CE909 /* [CP] Check Pods Manifest.lock */ = {
			isa = PBXShellScriptBuildPhase;
			buildActionMask = 2147483647;
			files = (
			);
			inputPaths = (
				"${PODS_PODFILE_DIR_PATH}/Podfile.lock",
				"${PODS_ROOT}/Manifest.lock",
			);
			name = "[CP] Check Pods Manifest.lock";
			outputPaths = (
				"$(DERIVED_FILE_DIR)/Pods-FCA-checkManifestLockResult.txt",
			);
			runOnlyForDeploymentPostprocessing = 0;
			shellPath = /bin/sh;
			shellScript = "diff \"${PODS_PODFILE_DIR_PATH}/Podfile.lock\" \"${PODS_ROOT}/Manifest.lock\" > /dev/null\nif [ $? != 0 ] ; then\n    # print error to STDERR\n    echo \"error: The sandbox is not in sync with the Podfile.lock. Run 'pod install' or update your CocoaPods installation.\" >&2\n    exit 1\nfi\n# This output is used by Xcode 'outputs' to avoid re-running this script phase.\necho \"SUCCESS\" > \"${SCRIPT_OUTPUT_FILE_0}\"\n";
			showEnvVarsInLog = 0;
		};
		34FEAC39802972F4F2DA6B8A /* [CP] Embed Pods Frameworks */ = {
			isa = PBXShellScriptBuildPhase;
			buildActionMask = 2147483647;
			files = (
			);
			inputPaths = (
				"${SRCROOT}/Pods/Target Support Files/Pods-FCA/Pods-FCA-frameworks.sh",
				"${BUILT_PRODUCTS_DIR}/GTMSessionFetcher/GTMSessionFetcher.framework",
				"${BUILT_PRODUCTS_DIR}/GoogleToolboxForMac/GoogleToolboxForMac.framework",
				"${BUILT_PRODUCTS_DIR}/nanopb/nanopb.framework",
			);
			name = "[CP] Embed Pods Frameworks";
			outputPaths = (
				"${TARGET_BUILD_DIR}/${FRAMEWORKS_FOLDER_PATH}/GTMSessionFetcher.framework",
				"${TARGET_BUILD_DIR}/${FRAMEWORKS_FOLDER_PATH}/GoogleToolboxForMac.framework",
				"${TARGET_BUILD_DIR}/${FRAMEWORKS_FOLDER_PATH}/nanopb.framework",
			);
			runOnlyForDeploymentPostprocessing = 0;
			shellPath = /bin/sh;
			shellScript = "\"${SRCROOT}/Pods/Target Support Files/Pods-FCA/Pods-FCA-frameworks.sh\"\n";
			showEnvVarsInLog = 0;
		};
/* End PBXShellScriptBuildPhase section */

/* Begin PBXSourcesBuildPhase section */
		79B008562121632C000D2F19 /* Sources */ = {
			isa = PBXSourcesBuildPhase;
			buildActionMask = 2147483647;
			files = (
				79B008602121632C000D2F19 /* ViewController.swift in Sources */,
				79B0085E2121632C000D2F19 /* AppDelegate.swift in Sources */,
			);
			runOnlyForDeploymentPostprocessing = 0;
		};
/* End PBXSourcesBuildPhase section */

/* Begin PBXVariantGroup section */
		79B008612121632C000D2F19 /* Main.storyboard */ = {
			isa = PBXVariantGroup;
			children = (
				79B008622121632C000D2F19 /* Base */,
			);
			name = Main.storyboard;
			sourceTree = "<group>";
		};
		79B0086621216337000D2F19 /* LaunchScreen.storyboard */ = {
			isa = PBXVariantGroup;
			children = (
				79B0086721216337000D2F19 /* Base */,
			);
			name = LaunchScreen.storyboard;
			sourceTree = "<group>";
		};
/* End PBXVariantGroup section */

/* Begin XCBuildConfiguration section */
		79B0086A21216337000D2F19 /* Debug */ = {
			isa = XCBuildConfiguration;
			buildSettings = {
				ALWAYS_SEARCH_USER_PATHS = NO;
				CLANG_ANALYZER_NONNULL = YES;
				CLANG_ANALYZER_NUMBER_OBJECT_CONVERSION = YES_AGGRESSIVE;
				CLANG_CXX_LANGUAGE_STANDARD = "gnu++14";
				CLANG_CXX_LIBRARY = "libc++";
				CLANG_ENABLE_MODULES = YES;
				CLANG_ENABLE_OBJC_ARC = YES;
				CLANG_ENABLE_OBJC_WEAK = YES;
				CLANG_WARN_BLOCK_CAPTURE_AUTORELEASING = YES;
				CLANG_WARN_BOOL_CONVERSION = YES;
				CLANG_WARN_COMMA = YES;
				CLANG_WARN_CONSTANT_CONVERSION = YES;
				CLANG_WARN_DEPRECATED_OBJC_IMPLEMENTATIONS = YES;
				CLANG_WARN_DIRECT_OBJC_ISA_USAGE = YES_ERROR;
				CLANG_WARN_DOCUMENTATION_COMMENTS = YES;
				CLANG_WARN_EMPTY_BODY = YES;
				CLANG_WARN_ENUM_CONVERSION = YES;
				CLANG_WARN_INFINITE_RECURSION = YES;
				CLANG_WARN_INT_CONVERSION = YES;
				CLANG_WARN_NON_LITERAL_NULL_CONVERSION = YES;
				CLANG_WARN_OBJC_IMPLICIT_RETAIN_SELF = YES;
				CLANG_WARN_OBJC_LITERAL_CONVERSION = YES;
				CLANG_WARN_OBJC_ROOT_CLASS = YES_ERROR;
				CLANG_WARN_RANGE_LOOP_ANALYSIS = YES;
				CLANG_WARN_STRICT_PROTOTYPES = YES;
				CLANG_WARN_SUSPICIOUS_MOVE = YES;
				CLANG_WARN_UNGUARDED_AVAILABILITY = YES_AGGRESSIVE;
				CLANG_WARN_UNREACHABLE_CODE = YES;
				CLANG_WARN__DUPLICATE_METHOD_MATCH = YES;
				CODE_SIGN_IDENTITY = "iPhone Developer";
				COPY_PHASE_STRIP = NO;
				DEBUG_INFORMATION_FORMAT = dwarf;
				ENABLE_STRICT_OBJC_MSGSEND = YES;
				ENABLE_TESTABILITY = YES;
				GCC_C_LANGUAGE_STANDARD = gnu11;
				GCC_DYNAMIC_NO_PIC = NO;
				GCC_NO_COMMON_BLOCKS = YES;
				GCC_OPTIMIZATION_LEVEL = 0;
				GCC_PREPROCESSOR_DEFINITIONS = (
					"DEBUG=1",
					"$(inherited)",
				);
				GCC_WARN_64_TO_32_BIT_CONVERSION = YES;
				GCC_WARN_ABOUT_RETURN_TYPE = YES_ERROR;
				GCC_WARN_UNDECLARED_SELECTOR = YES;
				GCC_WARN_UNINITIALIZED_AUTOS = YES_AGGRESSIVE;
				GCC_WARN_UNUSED_FUNCTION = YES;
				GCC_WARN_UNUSED_VARIABLE = YES;
				IPHONEOS_DEPLOYMENT_TARGET = 11.4;
				MTL_ENABLE_DEBUG_INFO = YES;
				ONLY_ACTIVE_ARCH = YES;
				SDKROOT = iphoneos;
				SWIFT_ACTIVE_COMPILATION_CONDITIONS = DEBUG;
				SWIFT_OPTIMIZATION_LEVEL = "-Onone";
			};
			name = Debug;
		};
		79B0086B21216337000D2F19 /* Release */ = {
			isa = XCBuildConfiguration;
			buildSettings = {
				ALWAYS_SEARCH_USER_PATHS = NO;
				CLANG_ANALYZER_NONNULL = YES;
				CLANG_ANALYZER_NUMBER_OBJECT_CONVERSION = YES_AGGRESSIVE;
				CLANG_CXX_LANGUAGE_STANDARD = "gnu++14";
				CLANG_CXX_LIBRARY = "libc++";
				CLANG_ENABLE_MODULES = YES;
				CLANG_ENABLE_OBJC_ARC = YES;
				CLANG_ENABLE_OBJC_WEAK = YES;
				CLANG_WARN_BLOCK_CAPTURE_AUTORELEASING = YES;
				CLANG_WARN_BOOL_CONVERSION = YES;
				CLANG_WARN_COMMA = YES;
				CLANG_WARN_CONSTANT_CONVERSION = YES;
				CLANG_WARN_DEPRECATED_OBJC_IMPLEMENTATIONS = YES;
				CLANG_WARN_DIRECT_OBJC_ISA_USAGE = YES_ERROR;
				CLANG_WARN_DOCUMENTATION_COMMENTS = YES;
				CLANG_WARN_EMPTY_BODY = YES;
				CLANG_WARN_ENUM_CONVERSION = YES;
				CLANG_WARN_INFINITE_RECURSION = YES;
				CLANG_WARN_INT_CONVERSION = YES;
				CLANG_WARN_NON_LITERAL_NULL_CONVERSION = YES;
				CLANG_WARN_OBJC_IMPLICIT_RETAIN_SELF = YES;
				CLANG_WARN_OBJC_LITERAL_CONVERSION = YES;
				CLANG_WARN_OBJC_ROOT_CLASS = YES_ERROR;
				CLANG_WARN_RANGE_LOOP_ANALYSIS = YES;
				CLANG_WARN_STRICT_PROTOTYPES = YES;
				CLANG_WARN_SUSPICIOUS_MOVE = YES;
				CLANG_WARN_UNGUARDED_AVAILABILITY = YES_AGGRESSIVE;
				CLANG_WARN_UNREACHABLE_CODE = YES;
				CLANG_WARN__DUPLICATE_METHOD_MATCH = YES;
				CODE_SIGN_IDENTITY = "iPhone Developer";
				COPY_PHASE_STRIP = NO;
				DEBUG_INFORMATION_FORMAT = "dwarf-with-dsym";
				ENABLE_NS_ASSERTIONS = NO;
				ENABLE_STRICT_OBJC_MSGSEND = YES;
				GCC_C_LANGUAGE_STANDARD = gnu11;
				GCC_NO_COMMON_BLOCKS = YES;
				GCC_WARN_64_TO_32_BIT_CONVERSION = YES;
				GCC_WARN_ABOUT_RETURN_TYPE = YES_ERROR;
				GCC_WARN_UNDECLARED_SELECTOR = YES;
				GCC_WARN_UNINITIALIZED_AUTOS = YES_AGGRESSIVE;
				GCC_WARN_UNUSED_FUNCTION = YES;
				GCC_WARN_UNUSED_VARIABLE = YES;
				IPHONEOS_DEPLOYMENT_TARGET = 11.4;
				MTL_ENABLE_DEBUG_INFO = NO;
				SDKROOT = iphoneos;
				SWIFT_COMPILATION_MODE = wholemodule;
				SWIFT_OPTIMIZATION_LEVEL = "-O";
				VALIDATE_PRODUCT = YES;
			};
			name = Release;
		};
		79B0086D21216337000D2F19 /* Debug */ = {
			isa = XCBuildConfiguration;
			baseConfigurationReference = 698C295CAA70E2798B38070D /* Pods-FCA.debug.xcconfig */;
			buildSettings = {
				ASSETCATALOG_COMPILER_APPICON_NAME = AppIcon;
				CODE_SIGN_STYLE = Automatic;
				DEVELOPMENT_TEAM = 24GSFQ2R8N;
				INFOPLIST_FILE = FCA/Info.plist;
				LD_RUNPATH_SEARCH_PATHS = (
					"$(inherited)",
					"@executable_path/Frameworks",
				);
				PRODUCT_BUNDLE_IDENTIFIER = com.srmtech.tutorial.FCA;
				PRODUCT_NAME = "$(TARGET_NAME)";
				SWIFT_VERSION = 4.0;
				TARGETED_DEVICE_FAMILY = "1,2";
			};
			name = Debug;
		};
		79B0086E21216337000D2F19 /* Release */ = {
			isa = XCBuildConfiguration;
			baseConfigurationReference = DF808EA50FAD8335585AF906 /* Pods-FCA.release.xcconfig */;
			buildSettings = {
				ASSETCATALOG_COMPILER_APPICON_NAME = AppIcon;
				CODE_SIGN_STYLE = Automatic;
				DEVELOPMENT_TEAM = 24GSFQ2R8N;
				INFOPLIST_FILE = FCA/Info.plist;
				LD_RUNPATH_SEARCH_PATHS = (
					"$(inherited)",
					"@executable_path/Frameworks",
				);
				PRODUCT_BUNDLE_IDENTIFIER = com.srmtech.tutorial.FCA;
				PRODUCT_NAME = "$(TARGET_NAME)";
				SWIFT_VERSION = 4.0;
				TARGETED_DEVICE_FAMILY = "1,2";
			};
			name = Release;
		};
/* End XCBuildConfiguration section */

/* Begin XCConfigurationList section */
		79B008552121632C000D2F19 /* Build configuration list for PBXProject "FCA" */ = {
			isa = XCConfigurationList;
			buildConfigurations = (
				79B0086A21216337000D2F19 /* Debug */,
				79B0086B21216337000D2F19 /* Release */,
			);
			defaultConfigurationIsVisible = 0;
			defaultConfigurationName = Release;
		};
		79B0086C21216337000D2F19 /* Build configuration list for PBXNativeTarget "FCA" */ = {
			isa = XCConfigurationList;
			buildConfigurations = (
				79B0086D21216337000D2F19 /* Debug */,
				79B0086E21216337000D2F19 /* Release */,
			);
			defaultConfigurationIsVisible = 0;
			defaultConfigurationName = Release;
		};
/* End XCConfigurationList section */
	};
	rootObject = 79B008522121632C000D2F19 /* Project object */;
}
